<?xml version="1.0" encoding="utf-8"?>
<Project ToolsVersion="4.0" xmlns="http://schemas.microsoft.com/developer/msbuild/2003">
  <ItemGroup>
    <Filter Include="Source Files">
      <UniqueIdentifier>{4FC737F1-C7A5-4376-A066-2A32D752A2FF}</UniqueIdentifier>
      <Extensions>cpp;c;cc;cxx;c++;cppm;ixx;def;odl;idl;hpj;bat;asm;asmx</Extensions>
    </Filter>
    <Filter Include="Header Files">
      <UniqueIdentifier>{93995380-89BD-4b04-88EB-625FBE52EBFB}</UniqueIdentifier>
      <Extensions>h;hh;hpp;hxx;h++;hm;inl;inc;ipp;xsd</Extensions>
    </Filter>
    <Filter Include="Resource Files">
      <UniqueIdentifier>{67DA6AB6-F800-4c08-8B7A-83BB121AAD01}</UniqueIdentifier>
      <Extensions>rc;ico;cur;bmp;dlg;rc2;rct;bin;rgs;gif;jpg;jpeg;jpe;resx;tiff;tif;png;wav;mfcribbon-ms</Extensions>
    </Filter>
    <Filter Include="Header Files\Models">
      <UniqueIdentifier>{f2666fa6-01a0-4912-a006-6d0e57721a6c}</UniqueIdentifier>
    </Filter>
    <Filter Include="Source Files\Models">
      <UniqueIdentifier>{b3ee647e-f025-4ea8-9738-ccb4e9a67f79}</UniqueIdentifier>
    </Filter>
  </ItemGroup>
  <ItemGroup>
    <ClCompile Include="Main.cpp">
      <Filter>Source Files</Filter>
    </ClCompile>
    <ClCompile Include="Models\Matrix.cpp">
      <Filter>Source Files\Models</Filter>
    </ClCompile>
    <ClCompile Include="Models\Vector.cpp">
      <Filter>Source Files\Models</Filter>
    </ClCompile>
    <ClCompile Include="DNN\Initialisers\Initialiser.cpp">
      <Filter>Source Files</Filter>
    </ClCompile>
    <ClCompile Include="DNN\Layers\Transforms.cpp">
      <Filter>Source Files</Filter>
    </ClCompile>
    <ClCompile Include="DNN\Layers\Layers.cpp">
      <Filter>Source Files</Filter>
    </ClCompile>
  </ItemGroup>
  <ItemGroup>
    <ClInclude Include="Models\Exceptions.h">
      <Filter>Header Files\Models</Filter>
    </ClInclude>
    <ClInclude Include="Models\Matrix.h">
      <Filter>Header Files\Models</Filter>
    </ClInclude>
    <ClInclude Include="Models\Vector.h">
      <Filter>Header Files\Models</Filter>
    </ClInclude>
    <ClInclude Include="DNN\Initialisers\Initialiser.h">
      <Filter>Header Files</Filter>
    </ClInclude>
    <ClInclude Include="DNN\Layers\Transforms.h">
      <Filter>Header Files</Filter>
    </ClInclude>
    <ClInclude Include="DNN\Layers\Layers.h">
      <Filter>Header Files</Filter>
    </ClInclude>
  </ItemGroup>
  <ItemGroup>
    <None Include="Models\Matrix.tpp">
      <Filter>Source Files\Models</Filter>
    </None>
    <None Include="Models\Vector.tpp">
      <Filter>Source Files\Models</Filter>
    </None>
    <None Include="DNN\Layers\Layers.tpp" />
  </ItemGroup>
</Project>